// !$*UTF8*$!
{
	archiveVersion = 1;
	classes = {
	};
	objectVersion = 50;
	objects = {

/* Begin PBXBuildFile section */
		C557207D23F35B160095C13F /* DarkHostingController.swift in Sources */ = {isa = PBXBuildFile; fileRef = C557207C23F35B160095C13F /* DarkHostingController.swift */; };
		C5B3F24823E8B2E3002AEE0F /* AppDelegate.swift in Sources */ = {isa = PBXBuildFile; fileRef = C5B3F24723E8B2E3002AEE0F /* AppDelegate.swift */; };
		C5B3F24A23E8B2E3002AEE0F /* SceneDelegate.swift in Sources */ = {isa = PBXBuildFile; fileRef = C5B3F24923E8B2E3002AEE0F /* SceneDelegate.swift */; };
		C5B3F24C23E8B2E3002AEE0F /* ContentView.swift in Sources */ = {isa = PBXBuildFile; fileRef = C5B3F24B23E8B2E3002AEE0F /* ContentView.swift */; };
		C5B3F24E23E8B2E7002AEE0F /* Assets.xcassets in Resources */ = {isa = PBXBuildFile; fileRef = C5B3F24D23E8B2E7002AEE0F /* Assets.xcassets */; };
		C5B3F25123E8B2E7002AEE0F /* Preview Assets.xcassets in Resources */ = {isa = PBXBuildFile; fileRef = C5B3F25023E8B2E7002AEE0F /* Preview Assets.xcassets */; };
		C5B3F25423E8B2E7002AEE0F /* LaunchScreen.storyboard in Resources */ = {isa = PBXBuildFile; fileRef = C5B3F25223E8B2E7002AEE0F /* LaunchScreen.storyboard */; };
		C5B3F25C23E997B9002AEE0F /* video.MOV in Resources */ = {isa = PBXBuildFile; fileRef = C5B3F25B23E997B9002AEE0F /* video.MOV */; };
/* End PBXBuildFile section */

/* Begin PBXFileReference section */
		C557207C23F35B160095C13F /* DarkHostingController.swift */ = {isa = PBXFileReference; lastKnownFileType = sourcecode.swift; path = DarkHostingController.swift; sourceTree = "<group>"; };
		C5B3F24423E8B2E3002AEE0F /* LightPad.app */ = {isa = PBXFileReference; explicitFileType = wrapper.application; includeInIndex = 0; path = LightPad.app; sourceTree = BUILT_PRODUCTS_DIR; };
		C5B3F24723E8B2E3002AEE0F /* AppDelegate.swift */ = {isa = PBXFileReference; lastKnownFileType = sourcecode.swift; path = AppDelegate.swift; sourceTree = "<group>"; };
		C5B3F24923E8B2E3002AEE0F /* SceneDelegate.swift */ = {isa = PBXFileReference; lastKnownFileType = sourcecode.swift; path = SceneDelegate.swift; sourceTree = "<group>"; };
		C5B3F24B23E8B2E3002AEE0F /* ContentView.swift */ = {isa = PBXFileReference; lastKnownFileType = sourcecode.swift; path = ContentView.swift; sourceTree = "<group>"; };
		C5B3F24D23E8B2E7002AEE0F /* Assets.xcassets */ = {isa = PBXFileReference; lastKnownFileType = folder.assetcatalog; path = Assets.xcassets; sourceTree = "<group>"; };
		C5B3F25023E8B2E7002AEE0F /* Preview Assets.xcassets */ = {isa = PBXFileReference; lastKnownFileType = folder.assetcatalog; path = "Preview Assets.xcassets"; sourceTree = "<group>"; };
		C5B3F25323E8B2E7002AEE0F /* Base */ = {isa = PBXFileReference; lastKnownFileType = file.storyboard; name = Base; path = Base.lproj/LaunchScreen.storyboard; sourceTree = "<group>"; };
		C5B3F25523E8B2E7002AEE0F /* Info.plist */ = {isa = PBXFileReference; lastKnownFileType = text.plist.xml; path = Info.plist; sourceTree = "<group>"; };
		C5B3F25B23E997B9002AEE0F /* video.MOV */ = {isa = PBXFileReference; lastKnownFileType = video.quicktime; name = video.MOV; path = ../../../Downloads/video.MOV; sourceTree = "<group>"; };
/* End PBXFileReference section */

/* Begin PBXFrameworksBuildPhase section */
		C5B3F24123E8B2E3002AEE0F /* Frameworks */ = {
			isa = PBXFrameworksBuildPhase;
			buildActionMask = 2147483647;
			files = (
			);
			runOnlyForDeploymentPostprocessing = 0;
		};
/* End PBXFrameworksBuildPhase section */

/* Begin PBXGroup section */
		C5B3F23B23E8B2E3002AEE0F = {
			isa = PBXGroup;
			children = (
				C5B3F24623E8B2E3002AEE0F /* LightPad */,
				C5B3F24523E8B2E3002AEE0F /* Products */,
			);
			sourceTree = "<group>";
		};
		C5B3F24523E8B2E3002AEE0F /* Products */ = {
			isa = PBXGroup;
			children = (
				C5B3F24423E8B2E3002AEE0F /* LightPad.app */,
			);
			name = Products;
			sourceTree = "<group>";
		};
		C5B3F24623E8B2E3002AEE0F /* LightPad */ = {
			isa = PBXGroup;
			children = (
				C5B3F24723E8B2E3002AEE0F /* AppDelegate.swift */,
				C5B3F24923E8B2E3002AEE0F /* SceneDelegate.swift */,
				C5B3F24B23E8B2E3002AEE0F /* ContentView.swift */,
				C557207C23F35B160095C13F /* DarkHostingController.swift */,
				C5B3F24D23E8B2E7002AEE0F /* Assets.xcassets */,
				C5B3F25B23E997B9002AEE0F /* video.MOV */,
				C5B3F25223E8B2E7002AEE0F /* LaunchScreen.storyboard */,
				C5B3F25523E8B2E7002AEE0F /* Info.plist */,
				C5B3F24F23E8B2E7002AEE0F /* Preview Content */,
			);
			path = LightPad;
			sourceTree = "<group>";
		};
		C5B3F24F23E8B2E7002AEE0F /* Preview Content */ = {
			isa = PBXGroup;
			children = (
				C5B3F25023E8B2E7002AEE0F /* Preview Assets.xcassets */,
			);
			path = "Preview Content";
			sourceTree = "<group>";
		};
/* End PBXGroup section */

/* Begin PBXNativeTarget section */
		C5B3F24323E8B2E3002AEE0F /* LightPad */ = {
			isa = PBXNativeTarget;
			buildConfigurationList = C5B3F25823E8B2E7002AEE0F /* Build configuration list for PBXNativeTarget "LightPad" */;
			buildPhases = (
				C5B3F24023E8B2E3002AEE0F /* Sources */,
				C5B3F24123E8B2E3002AEE0F /* Frameworks */,
				C5B3F24223E8B2E3002AEE0F /* Resources */,
			);
			buildRules = (
			);
			dependencies = (
			);
			name = LightPad;
			productName = LightPad;
			productReference = C5B3F24423E8B2E3002AEE0F /* LightPad.app */;
			productType = "com.apple.product-type.application";
		};
/* End PBXNativeTarget section */

/* Begin PBXProject section */
		C5B3F23C23E8B2E3002AEE0F /* Project object */ = {
			isa = PBXProject;
			attributes = {
				LastSwiftUpdateCheck = 1130;
				LastUpgradeCheck = 1130;
				ORGANIZATIONNAME = "Tuva Ekedal";
				TargetAttributes = {
					C5B3F24323E8B2E3002AEE0F = {
						CreatedOnToolsVersion = 11.3.1;
					};
				};
			};
			buildConfigurationList = C5B3F23F23E8B2E3002AEE0F /* Build configuration list for PBXProject "LightPad" */;
			compatibilityVersion = "Xcode 9.3";
			developmentRegion = en;
			hasScannedForEncodings = 0;
			knownRegions = (
				en,
				Base,
			);
			mainGroup = C5B3F23B23E8B2E3002AEE0F;
			productRefGroup = C5B3F24523E8B2E3002AEE0F /* Products */;
			projectDirPath = "";
			projectRoot = "";
			targets = (
				C5B3F24323E8B2E3002AEE0F /* LightPad */,
			);
		};
/* End PBXProject section */

/* Begin PBXResourcesBuildPhase section */
		C5B3F24223E8B2E3002AEE0F /* Resources */ = {
			isa = PBXResourcesBuildPhase;
			buildActionMask = 2147483647;
			files = (
				C5B3F25C23E997B9002AEE0F /* video.MOV in Resources */,
				C5B3F25423E8B2E7002AEE0F /* LaunchScreen.storyboard in Resources */,
				C5B3F25123E8B2E7002AEE0F /* Preview Assets.xcassets in Resources */,
				C5B3F24E23E8B2E7002AEE0F /* Assets.xcassets in Resources */,
			);
			runOnlyForDeploymentPostprocessing = 0;
		};
/* End PBXResourcesBuildPhase section */

/* Begin PBXSourcesBuildPhase section */
		C5B3F24023E8B2E3002AEE0F /* Sources */ = {
			isa = PBXSourcesBuildPhase;
			buildActionMask = 2147483647;
			files = (
				C557207D23F35B160095C13F /* DarkHostingController.swift in Sources */,
				C5B3F24823E8B2E3002AEE0F /* AppDelegate.swift in Sources */,
				C5B3F24A23E8B2E3002AEE0F /* SceneDelegate.swift in Sources */,
				C5B3F24C23E8B2E3002AEE0F /* ContentView.swift in Sources */,
			);
			runOnlyForDeploymentPostprocessing = 0;
		};
/* End PBXSourcesBuildPhase section */

/* Begin PBXVariantGroup section */
		C5B3F25223E8B2E7002AEE0F /* LaunchScreen.storyboard */ = {
			isa = PBXVariantGroup;
			children = (
				C5B3F25323E8B2E7002AEE0F /* Base */,
			);
			name = LaunchScreen.storyboard;
			sourceTree = "<group>";
		};
/* End PBXVariantGroup section */

/* Begin XCBuildConfiguration section */
		C5B3F25623E8B2E7002AEE0F /* Debug */ = {
			isa = XCBuildConfiguration;
			buildSettings = {
				ALWAYS_SEARCH_USER_PATHS = NO;
				CLANG_ANALYZER_NONNULL = YES;
				CLANG_ANALYZER_NUMBER_OBJECT_CONVERSION = YES_AGGRESSIVE;
				CLANG_CXX_LANGUAGE_STANDARD = "gnu++14";
				CLANG_CXX_LIBRARY = "libc++";
				CLANG_ENABLE_MODULES = YES;
				CLANG_ENABLE_OBJC_ARC = YES;
				CLANG_ENABLE_OBJC_WEAK = YES;
				CLANG_WARN_BLOCK_CAPTURE_AUTORELEASING = YES;
				CLANG_WARN_BOOL_CONVERSION = YES;
				CLANG_WARN_COMMA = YES;
				CLANG_WARN_CONSTANT_CONVERSION = YES;
				CLANG_WARN_DEPRECATED_OBJC_IMPLEMENTATIONS = YES;
				CLANG_WARN_DIRECT_OBJC_ISA_USAGE = YES_ERROR;
				CLANG_WARN_DOCUMENTATION_COMMENTS = YES;
				CLANG_WARN_EMPTY_BODY = YES;
				CLANG_WARN_ENUM_CONVERSION = YES;
				CLANG_WARN_INFINITE_RECURSION = YES;
				CLANG_WARN_INT_CONVERSION = YES;
				CLANG_WARN_NON_LITERAL_NULL_CONVERSION = YES;
				CLANG_WARN_OBJC_IMPLICIT_RETAIN_SELF = YES;
				CLANG_WARN_OBJC_LITERAL_CONVERSION = YES;
				CLANG_WARN_OBJC_ROOT_CLASS = YES_ERROR;
				CLANG_WARN_RANGE_LOOP_ANALYSIS = YES;
				CLANG_WARN_STRICT_PROTOTYPES = YES;
				CLANG_WARN_SUSPICIOUS_MOVE = YES;
				CLANG_WARN_UNGUARDED_AVAILABILITY = YES_AGGRESSIVE;
				CLANG_WARN_UNREACHABLE_CODE = YES;
				CLANG_WARN__DUPLICATE_METHOD_MATCH = YES;
				COPY_PHASE_STRIP = NO;
				DEBUG_INFORMATION_FORMAT = dwarf;
				ENABLE_STRICT_OBJC_MSGSEND = YES;
				ENABLE_TESTABILITY = YES;
				GCC_C_LANGUAGE_STANDARD = gnu11;
				GCC_DYNAMIC_NO_PIC = NO;
				GCC_NO_COMMON_BLOCKS = YES;
				GCC_OPTIMIZATION_LEVEL = 0;
				GCC_PREPROCESSOR_DEFINITIONS = (
					"DEBUG=1",
					"$(inherited)",
				);
				GCC_WARN_64_TO_32_BIT_CONVERSION = YES;
				GCC_WARN_ABOUT_RETURN_TYPE = YES_ERROR;
				GCC_WARN_UNDECLARED_SELECTOR = YES;
				GCC_WARN_UNINITIALIZED_AUTOS = YES_AGGRESSIVE;
				GCC_WARN_UNUSED_FUNCTION = YES;
				GCC_WARN_UNUSED_VARIABLE = YES;
				IPHONEOS_DEPLOYMENT_TARGET = 13.2;
				MTL_ENABLE_DEBUG_INFO = INCLUDE_SOURCE;
				MTL_FAST_MATH = YES;
				ONLY_ACTIVE_ARCH = YES;
				SDKROOT = iphoneos;
				SWIFT_ACTIVE_COMPILATION_CONDITIONS = DEBUG;
				SWIFT_OPTIMIZATION_LEVEL = "-Onone";
			};
			name = Debug;
		};
		C5B3F25723E8B2E7002AEE0F /* Release */ = {
			isa = XCBuildConfiguration;
			buildSettings = {
				ALWAYS_SEARCH_USER_PATHS = NO;
				CLANG_ANALYZER_NONNULL = YES;
				CLANG_ANALYZER_NUMBER_OBJECT_CONVERSION = YES_AGGRESSIVE;
				CLANG_CXX_LANGUAGE_STANDARD = "gnu++14";
				CLANG_CXX_LIBRARY = "libc++";
				CLANG_ENABLE_MODULES = YES;
				CLANG_ENABLE_OBJC_ARC = YES;
				CLANG_ENABLE_OBJC_WEAK = YES;
				CLANG_WARN_BLOCK_CAPTURE_AUTORELEASING = YES;
				CLANG_WARN_BOOL_CONVERSION = YES;
				CLANG_WARN_COMMA = YES;
				CLANG_WARN_CONSTANT_CONVERSION = YES;
				CLANG_WARN_DEPRECATED_OBJC_IMPLEMENTATIONS = YES;
				CLANG_WARN_DIRECT_OBJC_ISA_USAGE = YES_ERROR;
				CLANG_WARN_DOCUMENTATION_COMMENTS = YES;
				CLANG_WARN_EMPTY_BODY = YES;
				CLANG_WARN_ENUM_CONVERSION = YES;
				CLANG_WARN_INFINITE_RECURSION = YES;
				CLANG_WARN_INT_CONVERSION = YES;
				CLANG_WARN_NON_LITERAL_NULL_CONVERSION = YES;
				CLANG_WARN_OBJC_IMPLICIT_RETAIN_SELF = YES;
				CLANG_WARN_OBJC_LITERAL_CONVERSION = YES;
				CLANG_WARN_OBJC_ROOT_CLASS = YES_ERROR;
				CLANG_WARN_RANGE_LOOP_ANALYSIS = YES;
				CLANG_WARN_STRICT_PROTOTYPES = YES;
				CLANG_WARN_SUSPICIOUS_MOVE = YES;
				CLANG_WARN_UNGUARDED_AVAILABILITY = YES_AGGRESSIVE;
				CLANG_WARN_UNREACHABLE_CODE = YES;
				CLANG_WARN__DUPLICATE_METHOD_MATCH = YES;
				COPY_PHASE_STRIP = NO;
				DEBUG_INFORMATION_FORMAT = "dwarf-with-dsym";
				ENABLE_NS_ASSERTIONS = NO;
				ENABLE_STRICT_OBJC_MSGSEND = YES;
				GCC_C_LANGUAGE_STANDARD = gnu11;
				GCC_NO_COMMON_BLOCKS = YES;
				GCC_WARN_64_TO_32_BIT_CONVERSION = YES;
				GCC_WARN_ABOUT_RETURN_TYPE = YES_ERROR;
				GCC_WARN_UNDECLARED_SELECTOR = YES;
				GCC_WARN_UNINITIALIZED_AUTOS = YES_AGGRESSIVE;
				GCC_WARN_UNUSED_FUNCTION = YES;
				GCC_WARN_UNUSED_VARIABLE = YES;
				IPHONEOS_DEPLOYMENT_TARGET = 13.2;
				MTL_ENABLE_DEBUG_INFO = NO;
				MTL_FAST_MATH = YES;
				SDKROOT = iphoneos;
				SWIFT_COMPILATION_MODE = wholemodule;
				SWIFT_OPTIMIZATION_LEVEL = "-O";
				VALIDATE_PRODUCT = YES;
			};
			name = Release;
		};
		C5B3F25923E8B2E7002AEE0F /* Debug */ = {
			isa = XCBuildConfiguration;
			buildSettings = {
				ASSETCATALOG_COMPILER_APPICON_NAME = AppIcon;
				CODE_SIGN_STYLE = Automatic;
				DEVELOPMENT_ASSET_PATHS = "\"LightPad/Preview Content\"";
				DEVELOPMENT_TEAM = 5VG2472SKA;
				ENABLE_PREVIEWS = YES;
				INFOPLIST_FILE = LightPad/Info.plist;
				LD_RUNPATH_SEARCH_PATHS = (
					"$(inherited)",
					"@executable_path/Frameworks",
				);
				PRODUCT_BUNDLE_IDENTIFIER = skooltchdev.LightPad;
				PRODUCT_NAME = "$(TARGET_NAME)";
				SWIFT_VERSION = 5.0;
				TARGETED_DEVICE_FAMILY = "1,2";
			};
			name = Debug;
		};
		C5B3F25A23E8B2E7002AEE0F /* Release */ = {
			isa = XCBuildConfiguration;
			buildSettings = {
				ASSETCATALOG_COMPILER_APPICON_NAME = AppIcon;
				CODE_SIGN_STYLE = Automatic;
				DEVELOPMENT_ASSET_PATHS = "\"LightPad/Preview Content\"";
				DEVELOPMENT_TEAM = 5VG2472SKA;
				ENABLE_PREVIEWS = YES;
				INFOPLIST_FILE = LightPad/Info.plist;
				LD_RUNPATH_SEARCH_PATHS = (
					"$(inherited)",
					"@executable_path/Frameworks",
				);
				PRODUCT_BUNDLE_IDENTIFIER = skooltchdev.LightPad;
				PRODUCT_NAME = "$(TARGET_NAME)";
				SWIFT_VERSION = 5.0;
				TARGETED_DEVICE_FAMILY = "1,2";
			};
			name = Release;
		};
/* End XCBuildConfiguration section */

/* Begin XCConfigurationList section */
		C5B3F23F23E8B2E3002AEE0F /* Build configuration list for PBXProject "LightPad" */ = {
			isa = XCConfigurationList;
			buildConfigurations = (
				C5B3F25623E8B2E7002AEE0F /* Debug */,
				C5B3F25723E8B2E7002AEE0F /* Release */,
			);
			defaultConfigurationIsVisible = 0;
			defaultConfigurationName = Release;
		};
		C5B3F25823E8B2E7002AEE0F /* Build configuration list for PBXNativeTarget "LightPad" */ = {
			isa = XCConfigurationList;
			buildConfigurations = (
				C5B3F25923E8B2E7002AEE0F /* Debug */,
				C5B3F25A23E8B2E7002AEE0F /* Release */,
			);
			defaultConfigurationIsVisible = 0;
			defaultConfigurationName = Release;
		};
/* End XCConfigurationList section */
	};
	rootObject = C5B3F23C23E8B2E3002AEE0F /* Project object */;
}
